
Microsoft Visual Studio Solution File, Format Version 12.00
# Visual Studio Version 16
VisualStudioVersion = 16.0.28407.52
MinimumVisualStudioVersion = 10.0.40219.1
Project("{FAE04EC0-301F-11D3-BF4B-00C04F79EFBC}") = "HealthInsurance.Core", "HealthInsurance.Core\HealthInsurance.Core.csproj", "{58BFC70D-F195-4E90-AE3C-865C53297024}"
EndProject
Project("{FAE04EC0-301F-11D3-BF4B-00C04F79EFBC}") = "HealthInsurance.Api", "HealthInsurance.Api\HealthInsurance.Api.csproj", "{E5E90605-3103-4B46-A738-AD0AE2A5A36E}"
EndProject
Global
	GlobalSection(SolutionConfigurationPlatforms) = preSolution
		Debug|Any CPU = Debug|Any CPU
		Release|Any CPU = Release|Any CPU
	EndGlobalSection
	GlobalSection(ProjectConfigurationPlatforms) = postSolution
		{58BFC70D-F195-4E90-AE3C-865C53297024}.Debug|Any CPU.ActiveCfg = Debug|Any CPU
		{58BFC70D-F195-4E90-AE3C-865C53297024}.Debug|Any CPU.Build.0 = Debug|Any CPU
		{58BFC70D-F195-4E90-AE3C-865C53297024}.Release|Any CPU.ActiveCfg = Release|Any CPU
		{58BFC70D-F195-4E90-AE3C-865C53297024}.Release|Any CPU.Build.0 = Release|Any CPU
		{E5E90605-3103-4B46-A738-AD0AE2A5A36E}.Debug|Any CPU.ActiveCfg = Debug|Any CPU
		{E5E90605-3103-4B46-A738-AD0AE2A5A36E}.Debug|Any CPU.Build.0 = Debug|Any CPU
		{E5E90605-3103-4B46-A738-AD0AE2A5A36E}.Release|Any CPU.ActiveCfg = Release|Any CPU
		{E5E90605-3103-4B46-A738-AD0AE2A5A36E}.Release|Any CPU.Build.0 = Release|Any CPU
	EndGlobalSection
	GlobalSection(SolutionProperties) = preSolution
		HideSolutionNode = FALSE
	EndGlobalSection
	GlobalSection(ExtensibilityGlobals) = postSolution
		SolutionGuid = {7012761D-CDCA-4BFE-8507-A446B0E07656}
	EndGlobalSection
EndGlobal
